
Microsoft Visual Studio Solution File, Format Version 12.00
# Visual Studio 14
VisualStudioVersion = 14.0.25420.1
MinimumVisualStudioVersion = 10.0.40219.1
Project("{FAE04EC0-301F-11D3-BF4B-00C04F79EFBC}") = "XamarinFormsListView.Droid", "XamarinFormsListView\XamarinFormsListView.Droid\XamarinFormsListView.Droid.csproj", "{B937C783-4B45-4B30-BD24-1A6F434AC94E}"
EndProject
Project("{FAE04EC0-301F-11D3-BF4B-00C04F79EFBC}") = "XamarinFormsListView.iOS", "XamarinFormsListView\XamarinFormsListView.iOS\XamarinFormsListView.iOS.csproj", "{EEC6AD64-7C89-46E6-BA6A-57D7D5213D94}"
EndProject
Project("{FAE04EC0-301F-11D3-BF4B-00C04F79EFBC}") = "XamarinFormsListView.WinPhone", "XamarinFormsListView\XamarinFormsListView.WinPhone\XamarinFormsListView.WinPhone.csproj", "{A6EFC16B-ABFA-4714-88C8-5E2EC2304938}"
EndProject
Project("{FAE04EC0-301F-11D3-BF4B-00C04F79EFBC}") = "XamarinFormsListView.UWP", "XamarinFormsListView\XamarinFormsListView.UWP\XamarinFormsListView.UWP.csproj", "{436353BF-4792-4421-8A9E-92EE1BDC6315}"
EndProject
Project("{FAE04EC0-301F-11D3-BF4B-00C04F79EFBC}") = "XamarinFormsListView.Windows", "XamarinFormsListView\XamarinFormsListView.Windows\XamarinFormsListView.Windows.csproj", "{BC09AC2F-E7C4-4F43-B31C-A40E8FBA886A}"
EndProject
Project("{FAE04EC0-301F-11D3-BF4B-00C04F79EFBC}") = "XamarinFormsListView", "XamarinFormsListView\XamarinFormsListView\XamarinFormsListView.csproj", "{1B41019F-3130-43F1-9856-0502C5E27A16}"
EndProject
Global
	GlobalSection(SolutionConfigurationPlatforms) = preSolution
		Ad-Hoc|Any CPU = Ad-Hoc|Any CPU
		Ad-Hoc|ARM = Ad-Hoc|ARM
		Ad-Hoc|iPhone = Ad-Hoc|iPhone
		Ad-Hoc|iPhoneSimulator = Ad-Hoc|iPhoneSimulator
		Ad-Hoc|x64 = Ad-Hoc|x64
		Ad-Hoc|x86 = Ad-Hoc|x86
		AppStore|Any CPU = AppStore|Any CPU
		AppStore|ARM = AppStore|ARM
		AppStore|iPhone = AppStore|iPhone
		AppStore|iPhoneSimulator = AppStore|iPhoneSimulator
		AppStore|x64 = AppStore|x64
		AppStore|x86 = AppStore|x86
		Debug|Any CPU = Debug|Any CPU
		Debug|ARM = Debug|ARM
		Debug|iPhone = Debug|iPhone
		Debug|iPhoneSimulator = Debug|iPhoneSimulator
		Debug|x64 = Debug|x64
		Debug|x86 = Debug|x86
		Release|Any CPU = Release|Any CPU
		Release|ARM = Release|ARM
		Release|iPhone = Release|iPhone
		Release|iPhoneSimulator = Release|iPhoneSimulator
		Release|x64 = Release|x64
		Release|x86 = Release|x86
	EndGlobalSection
	GlobalSection(ProjectConfigurationPlatforms) = postSolution
		{B937C783-4B45-4B30-BD24-1A6F434AC94E}.Ad-Hoc|Any CPU.ActiveCfg = Release|Any CPU
		{B937C783-4B45-4B30-BD24-1A6F434AC94E}.Ad-Hoc|Any CPU.Build.0 = Release|Any CPU
		{B937C783-4B45-4B30-BD24-1A6F434AC94E}.Ad-Hoc|Any CPU.Deploy.0 = Release|Any CPU
		{B937C783-4B45-4B30-BD24-1A6F434AC94E}.Ad-Hoc|ARM.ActiveCfg = Release|Any CPU
		{B937C783-4B45-4B30-BD24-1A6F434AC94E}.Ad-Hoc|ARM.Build.0 = Release|Any CPU
		{B937C783-4B45-4B30-BD24-1A6F434AC94E}.Ad-Hoc|ARM.Deploy.0 = Release|Any CPU
		{B937C783-4B45-4B30-BD24-1A6F434AC94E}.Ad-Hoc|iPhone.ActiveCfg = Release|Any CPU
		{B937C783-4B45-4B30-BD24-1A6F434AC94E}.Ad-Hoc|iPhone.Build.0 = Release|Any CPU
		{B937C783-4B45-4B30-BD24-1A6F434AC94E}.Ad-Hoc|iPhone.Deploy.0 = Release|Any CPU
		{B937C783-4B45-4B30-BD24-1A6F434AC94E}.Ad-Hoc|iPhoneSimulator.ActiveCfg = Release|Any CPU
		{B937C783-4B45-4B30-BD24-1A6F434AC94E}.Ad-Hoc|iPhoneSimulator.Build.0 = Release|Any CPU
		{B937C783-4B45-4B30-BD24-1A6F434AC94E}.Ad-Hoc|iPhoneSimulator.Deploy.0 = Release|Any CPU
		{B937C783-4B45-4B30-BD24-1A6F434AC94E}.Ad-Hoc|x64.ActiveCfg = Release|Any CPU
		{B937C783-4B45-4B30-BD24-1A6F434AC94E}.Ad-Hoc|x64.Build.0 = Release|Any CPU
		{B937C783-4B45-4B30-BD24-1A6F434AC94E}.Ad-Hoc|x64.Deploy.0 = Release|Any CPU
		{B937C783-4B45-4B30-BD24-1A6F434AC94E}.Ad-Hoc|x86.ActiveCfg = Release|Any CPU
		{B937C783-4B45-4B30-BD24-1A6F434AC94E}.Ad-Hoc|x86.Build.0 = Release|Any CPU
		{B937C783-4B45-4B30-BD24-1A6F434AC94E}.Ad-Hoc|x86.Deploy.0 = Release|Any CPU
		{B937C783-4B45-4B30-BD24-1A6F434AC94E}.AppStore|Any CPU.ActiveCfg = Release|Any CPU
		{B937C783-4B45-4B30-BD24-1A6F434AC94E}.AppStore|Any CPU.Build.0 = Release|Any CPU
		{B937C783-4B45-4B30-BD24-1A6F434AC94E}.AppStore|Any CPU.Deploy.0 = Release|Any CPU
		{B937C783-4B45-4B30-BD24-1A6F434AC94E}.AppStore|ARM.ActiveCfg = Release|Any CPU
		{B937C783-4B45-4B30-BD24-1A6F434AC94E}.AppStore|ARM.Build.0 = Release|Any CPU
		{B937C783-4B45-4B30-BD24-1A6F434AC94E}.AppStore|ARM.Deploy.0 = Release|Any CPU
		{B937C783-4B45-4B30-BD24-1A6F434AC94E}.AppStore|iPhone.ActiveCfg = Release|Any CPU
		{B937C783-4B45-4B30-BD24-1A6F434AC94E}.AppStore|iPhone.Build.0 = Release|Any CPU
		{B937C783-4B45-4B30-BD24-1A6F434AC94E}.AppStore|iPhone.Deploy.0 = Release|Any CPU
		{B937C783-4B45-4B30-BD24-1A6F434AC94E}.AppStore|iPhoneSimulator.ActiveCfg = Release|Any CPU
		{B937C783-4B45-4B30-BD24-1A6F434AC94E}.AppStore|iPhoneSimulator.Build.0 = Release|Any CPU
		{B937C783-4B45-4B30-BD24-1A6F434AC94E}.AppStore|iPhoneSimulator.Deploy.0 = Release|Any CPU
		{B937C783-4B45-4B30-BD24-1A6F434AC94E}.AppStore|x64.ActiveCfg = Release|Any CPU
		{B937C783-4B45-4B30-BD24-1A6F434AC94E}.AppStore|x64.Build.0 = Release|Any CPU
		{B937C783-4B45-4B30-BD24-1A6F434AC94E}.AppStore|x64.Deploy.0 = Release|Any CPU
		{B937C783-4B45-4B30-BD24-1A6F434AC94E}.AppStore|x86.ActiveCfg = Release|Any CPU
		{B937C783-4B45-4B30-BD24-1A6F434AC94E}.AppStore|x86.Build.0 = Release|Any CPU
		{B937C783-4B45-4B30-BD24-1A6F434AC94E}.AppStore|x86.Deploy.0 = Release|Any CPU
		{B937C783-4B45-4B30-BD24-1A6F434AC94E}.Debug|Any CPU.ActiveCfg = Debug|Any CPU
		{B937C783-4B45-4B30-BD24-1A6F434AC94E}.Debug|Any CPU.Build.0 = Debug|Any CPU
		{B937C783-4B45-4B30-BD24-1A6F434AC94E}.Debug|Any CPU.Deploy.0 = Debug|Any CPU
		{B937C783-4B45-4B30-BD24-1A6F434AC94E}.Debug|ARM.ActiveCfg = Debug|Any CPU
		{B937C783-4B45-4B30-BD24-1A6F434AC94E}.Debug|ARM.Build.0 = Debug|Any CPU
		{B937C783-4B45-4B30-BD24-1A6F434AC94E}.Debug|ARM.Deploy.0 = Debug|Any CPU
		{B937C783-4B45-4B30-BD24-1A6F434AC94E}.Debug|iPhone.ActiveCfg = Debug|Any CPU
		{B937C783-4B45-4B30-BD24-1A6F434AC94E}.Debug|iPhone.Build.0 = Debug|Any CPU
		{B937C783-4B45-4B30-BD24-1A6F434AC94E}.Debug|iPhone.Deploy.0 = Debug|Any CPU
		{B937C783-4B45-4B30-BD24-1A6F434AC94E}.Debug|iPhoneSimulator.ActiveCfg = Debug|Any CPU
		{B937C783-4B45-4B30-BD24-1A6F434AC94E}.Debug|iPhoneSimulator.Build.0 = Debug|Any CPU
		{B937C783-4B45-4B30-BD24-1A6F434AC94E}.Debug|iPhoneSimulator.Deploy.0 = Debug|Any CPU
		{B937C783-4B45-4B30-BD24-1A6F434AC94E}.Debug|x64.ActiveCfg = Debug|Any CPU
		{B937C783-4B45-4B30-BD24-1A6F434AC94E}.Debug|x64.Build.0 = Debug|Any CPU
		{B937C783-4B45-4B30-BD24-1A6F434AC94E}.Debug|x64.Deploy.0 = Debug|Any CPU
		{B937C783-4B45-4B30-BD24-1A6F434AC94E}.Debug|x86.ActiveCfg = Debug|Any CPU
		{B937C783-4B45-4B30-BD24-1A6F434AC94E}.Debug|x86.Build.0 = Debug|Any CPU
		{B937C783-4B45-4B30-BD24-1A6F434AC94E}.Debug|x86.Deploy.0 = Debug|Any CPU
		{B937C783-4B45-4B30-BD24-1A6F434AC94E}.Release|Any CPU.ActiveCfg = Release|Any CPU
		{B937C783-4B45-4B30-BD24-1A6F434AC94E}.Release|Any CPU.Build.0 = Release|Any CPU
		{B937C783-4B45-4B30-BD24-1A6F434AC94E}.Release|Any CPU.Deploy.0 = Release|Any CPU
		{B937C783-4B45-4B30-BD24-1A6F434AC94E}.Release|ARM.ActiveCfg = Release|Any CPU
		{B937C783-4B45-4B30-BD24-1A6F434AC94E}.Release|ARM.Build.0 = Release|Any CPU
		{B937C783-4B45-4B30-BD24-1A6F434AC94E}.Release|ARM.Deploy.0 = Release|Any CPU
		{B937C783-4B45-4B30-BD24-1A6F434AC94E}.Release|iPhone.ActiveCfg = Release|Any CPU
		{B937C783-4B45-4B30-BD24-1A6F434AC94E}.Release|iPhone.Build.0 = Release|Any CPU
		{B937C783-4B45-4B30-BD24-1A6F434AC94E}.Release|iPhone.Deploy.0 = Release|Any CPU
		{B937C783-4B45-4B30-BD24-1A6F434AC94E}.Release|iPhoneSimulator.ActiveCfg = Release|Any CPU
		{B937C783-4B45-4B30-BD24-1A6F434AC94E}.Release|iPhoneSimulator.Build.0 = Release|Any CPU
		{B937C783-4B45-4B30-BD24-1A6F434AC94E}.Release|iPhoneSimulator.Deploy.0 = Release|Any CPU
		{B937C783-4B45-4B30-BD24-1A6F434AC94E}.Release|x64.ActiveCfg = Release|Any CPU
		{B937C783-4B45-4B30-BD24-1A6F434AC94E}.Release|x64.Build.0 = Release|Any CPU
		{B937C783-4B45-4B30-BD24-1A6F434AC94E}.Release|x64.Deploy.0 = Release|Any CPU
		{B937C783-4B45-4B30-BD24-1A6F434AC94E}.Release|x86.ActiveCfg = Release|Any CPU
		{B937C783-4B45-4B30-BD24-1A6F434AC94E}.Release|x86.Build.0 = Release|Any CPU
		{B937C783-4B45-4B30-BD24-1A6F434AC94E}.Release|x86.Deploy.0 = Release|Any CPU
		{EEC6AD64-7C89-46E6-BA6A-57D7D5213D94}.Ad-Hoc|Any CPU.ActiveCfg = Ad-Hoc|iPhone
		{EEC6AD64-7C89-46E6-BA6A-57D7D5213D94}.Ad-Hoc|ARM.ActiveCfg = Ad-Hoc|iPhone
		{EEC6AD64-7C89-46E6-BA6A-57D7D5213D94}.Ad-Hoc|iPhone.ActiveCfg = Ad-Hoc|iPhone
		{EEC6AD64-7C89-46E6-BA6A-57D7D5213D94}.Ad-Hoc|iPhone.Build.0 = Ad-Hoc|iPhone
		{EEC6AD64-7C89-46E6-BA6A-57D7D5213D94}.Ad-Hoc|iPhoneSimulator.ActiveCfg = Ad-Hoc|iPhoneSimulator
		{EEC6AD64-7C89-46E6-BA6A-57D7D5213D94}.Ad-Hoc|iPhoneSimulator.Build.0 = Ad-Hoc|iPhoneSimulator
		{EEC6AD64-7C89-46E6-BA6A-57D7D5213D94}.Ad-Hoc|x64.ActiveCfg = Ad-Hoc|iPhone
		{EEC6AD64-7C89-46E6-BA6A-57D7D5213D94}.Ad-Hoc|x86.ActiveCfg = Ad-Hoc|iPhone
		{EEC6AD64-7C89-46E6-BA6A-57D7D5213D94}.AppStore|Any CPU.ActiveCfg = AppStore|iPhone
		{EEC6AD64-7C89-46E6-BA6A-57D7D5213D94}.AppStore|ARM.ActiveCfg = AppStore|iPhone
		{EEC6AD64-7C89-46E6-BA6A-57D7D5213D94}.AppStore|iPhone.ActiveCfg = AppStore|iPhone
		{EEC6AD64-7C89-46E6-BA6A-57D7D5213D94}.AppStore|iPhone.Build.0 = AppStore|iPhone
		{EEC6AD64-7C89-46E6-BA6A-57D7D5213D94}.AppStore|iPhoneSimulator.ActiveCfg = AppStore|iPhoneSimulator
		{EEC6AD64-7C89-46E6-BA6A-57D7D5213D94}.AppStore|iPhoneSimulator.Build.0 = AppStore|iPhoneSimulator
		{EEC6AD64-7C89-46E6-BA6A-57D7D5213D94}.AppStore|x64.ActiveCfg = AppStore|iPhone
		{EEC6AD64-7C89-46E6-BA6A-57D7D5213D94}.AppStore|x86.ActiveCfg = AppStore|iPhone
		{EEC6AD64-7C89-46E6-BA6A-57D7D5213D94}.Debug|Any CPU.ActiveCfg = Debug|iPhone
		{EEC6AD64-7C89-46E6-BA6A-57D7D5213D94}.Debug|ARM.ActiveCfg = Debug|iPhone
		{EEC6AD64-7C89-46E6-BA6A-57D7D5213D94}.Debug|iPhone.ActiveCfg = Debug|iPhone
		{EEC6AD64-7C89-46E6-BA6A-57D7D5213D94}.Debug|iPhone.Build.0 = Debug|iPhone
		{EEC6AD64-7C89-46E6-BA6A-57D7D5213D94}.Debug|iPhoneSimulator.ActiveCfg = Debug|iPhoneSimulator
		{EEC6AD64-7C89-46E6-BA6A-57D7D5213D94}.Debug|iPhoneSimulator.Build.0 = Debug|iPhoneSimulator
		{EEC6AD64-7C89-46E6-BA6A-57D7D5213D94}.Debug|x64.ActiveCfg = Debug|iPhone
		{EEC6AD64-7C89-46E6-BA6A-57D7D5213D94}.Debug|x86.ActiveCfg = Debug|iPhone
		{EEC6AD64-7C89-46E6-BA6A-57D7D5213D94}.Release|Any CPU.ActiveCfg = Release|iPhone
		{EEC6AD64-7C89-46E6-BA6A-57D7D5213D94}.Release|ARM.ActiveCfg = Release|iPhone
		{EEC6AD64-7C89-46E6-BA6A-57D7D5213D94}.Release|iPhone.ActiveCfg = Release|iPhone
		{EEC6AD64-7C89-46E6-BA6A-57D7D5213D94}.Release|iPhone.Build.0 = Release|iPhone
		{EEC6AD64-7C89-46E6-BA6A-57D7D5213D94}.Release|iPhoneSimulator.ActiveCfg = Release|iPhoneSimulator
		{EEC6AD64-7C89-46E6-BA6A-57D7D5213D94}.Release|iPhoneSimulator.Build.0 = Release|iPhoneSimulator
		{EEC6AD64-7C89-46E6-BA6A-57D7D5213D94}.Release|x64.ActiveCfg = Release|iPhone
		{EEC6AD64-7C89-46E6-BA6A-57D7D5213D94}.Release|x86.ActiveCfg = Release|iPhone
		{A6EFC16B-ABFA-4714-88C8-5E2EC2304938}.Ad-Hoc|Any CPU.ActiveCfg = Release|Any CPU
		{A6EFC16B-ABFA-4714-88C8-5E2EC2304938}.Ad-Hoc|Any CPU.Build.0 = Release|Any CPU
		{A6EFC16B-ABFA-4714-88C8-5E2EC2304938}.Ad-Hoc|Any CPU.Deploy.0 = Release|Any CPU
		{A6EFC16B-ABFA-4714-88C8-5E2EC2304938}.Ad-Hoc|ARM.ActiveCfg = Release|ARM
		{A6EFC16B-ABFA-4714-88C8-5E2EC2304938}.Ad-Hoc|ARM.Build.0 = Release|ARM
		{A6EFC16B-ABFA-4714-88C8-5E2EC2304938}.Ad-Hoc|ARM.Deploy.0 = Release|ARM
		{A6EFC16B-ABFA-4714-88C8-5E2EC2304938}.Ad-Hoc|iPhone.ActiveCfg = Release|Any CPU
		{A6EFC16B-ABFA-4714-88C8-5E2EC2304938}.Ad-Hoc|iPhone.Build.0 = Release|Any CPU
		{A6EFC16B-ABFA-4714-88C8-5E2EC2304938}.Ad-Hoc|iPhone.Deploy.0 = Release|Any CPU
		{A6EFC16B-ABFA-4714-88C8-5E2EC2304938}.Ad-Hoc|iPhoneSimulator.ActiveCfg = Release|Any CPU
		{A6EFC16B-ABFA-4714-88C8-5E2EC2304938}.Ad-Hoc|iPhoneSimulator.Build.0 = Release|Any CPU
		{A6EFC16B-ABFA-4714-88C8-5E2EC2304938}.Ad-Hoc|iPhoneSimulator.Deploy.0 = Release|Any CPU
		{A6EFC16B-ABFA-4714-88C8-5E2EC2304938}.Ad-Hoc|x64.ActiveCfg = Release|Any CPU
		{A6EFC16B-ABFA-4714-88C8-5E2EC2304938}.Ad-Hoc|x64.Build.0 = Release|Any CPU
		{A6EFC16B-ABFA-4714-88C8-5E2EC2304938}.Ad-Hoc|x64.Deploy.0 = Release|Any CPU
		{A6EFC16B-ABFA-4714-88C8-5E2EC2304938}.Ad-Hoc|x86.ActiveCfg = Release|x86
		{A6EFC16B-ABFA-4714-88C8-5E2EC2304938}.Ad-Hoc|x86.Build.0 = Release|x86
		{A6EFC16B-ABFA-4714-88C8-5E2EC2304938}.Ad-Hoc|x86.Deploy.0 = Release|x86
		{A6EFC16B-ABFA-4714-88C8-5E2EC2304938}.AppStore|Any CPU.ActiveCfg = Release|Any CPU
		{A6EFC16B-ABFA-4714-88C8-5E2EC2304938}.AppStore|Any CPU.Build.0 = Release|Any CPU
		{A6EFC16B-ABFA-4714-88C8-5E2EC2304938}.AppStore|Any CPU.Deploy.0 = Release|Any CPU
		{A6EFC16B-ABFA-4714-88C8-5E2EC2304938}.AppStore|ARM.ActiveCfg = Release|ARM
		{A6EFC16B-ABFA-4714-88C8-5E2EC2304938}.AppStore|ARM.Build.0 = Release|ARM
		{A6EFC16B-ABFA-4714-88C8-5E2EC2304938}.AppStore|ARM.Deploy.0 = Release|ARM
		{A6EFC16B-ABFA-4714-88C8-5E2EC2304938}.AppStore|iPhone.ActiveCfg = Release|Any CPU
		{A6EFC16B-ABFA-4714-88C8-5E2EC2304938}.AppStore|iPhone.Build.0 = Release|Any CPU
		{A6EFC16B-ABFA-4714-88C8-5E2EC2304938}.AppStore|iPhone.Deploy.0 = Release|Any CPU
		{A6EFC16B-ABFA-4714-88C8-5E2EC2304938}.AppStore|iPhoneSimulator.ActiveCfg = Release|Any CPU
		{A6EFC16B-ABFA-4714-88C8-5E2EC2304938}.AppStore|iPhoneSimulator.Build.0 = Release|Any CPU
		{A6EFC16B-ABFA-4714-88C8-5E2EC2304938}.AppStore|iPhoneSimulator.Deploy.0 = Release|Any CPU
		{A6EFC16B-ABFA-4714-88C8-5E2EC2304938}.AppStore|x64.ActiveCfg = Release|Any CPU
		{A6EFC16B-ABFA-4714-88C8-5E2EC2304938}.AppStore|x64.Build.0 = Release|Any CPU
		{A6EFC16B-ABFA-4714-88C8-5E2EC2304938}.AppStore|x64.Deploy.0 = Release|Any CPU
		{A6EFC16B-ABFA-4714-88C8-5E2EC2304938}.AppStore|x86.ActiveCfg = Release|x86
		{A6EFC16B-ABFA-4714-88C8-5E2EC2304938}.AppStore|x86.Build.0 = Release|x86
		{A6EFC16B-ABFA-4714-88C8-5E2EC2304938}.AppStore|x86.Deploy.0 = Release|x86
		{A6EFC16B-ABFA-4714-88C8-5E2EC2304938}.Debug|Any CPU.ActiveCfg = Debug|Any CPU
		{A6EFC16B-ABFA-4714-88C8-5E2EC2304938}.Debug|Any CPU.Build.0 = Debug|Any CPU
		{A6EFC16B-ABFA-4714-88C8-5E2EC2304938}.Debug|Any CPU.Deploy.0 = Debug|Any CPU
		{A6EFC16B-ABFA-4714-88C8-5E2EC2304938}.Debug|ARM.ActiveCfg = Debug|ARM
		{A6EFC16B-ABFA-4714-88C8-5E2EC2304938}.Debug|ARM.Build.0 = Debug|ARM
		{A6EFC16B-ABFA-4714-88C8-5E2EC2304938}.Debug|ARM.Deploy.0 = Debug|ARM
		{A6EFC16B-ABFA-4714-88C8-5E2EC2304938}.Debug|iPhone.ActiveCfg = Debug|Any CPU
		{A6EFC16B-ABFA-4714-88C8-5E2EC2304938}.Debug|iPhone.Build.0 = Debug|Any CPU
		{A6EFC16B-ABFA-4714-88C8-5E2EC2304938}.Debug|iPhone.Deploy.0 = Debug|Any CPU
		{A6EFC16B-ABFA-4714-88C8-5E2EC2304938}.Debug|iPhoneSimulator.ActiveCfg = Debug|Any CPU
		{A6EFC16B-ABFA-4714-88C8-5E2EC2304938}.Debug|iPhoneSimulator.Build.0 = Debug|Any CPU
		{A6EFC16B-ABFA-4714-88C8-5E2EC2304938}.Debug|iPhoneSimulator.Deploy.0 = Debug|Any CPU
		{A6EFC16B-ABFA-4714-88C8-5E2EC2304938}.Debug|x64.ActiveCfg = Debug|Any CPU
		{A6EFC16B-ABFA-4714-88C8-5E2EC2304938}.Debug|x64.Build.0 = Debug|Any CPU
		{A6EFC16B-ABFA-4714-88C8-5E2EC2304938}.Debug|x64.Deploy.0 = Debug|Any CPU
		{A6EFC16B-ABFA-4714-88C8-5E2EC2304938}.Debug|x86.ActiveCfg = Debug|x86
		{A6EFC16B-ABFA-4714-88C8-5E2EC2304938}.Debug|x86.Build.0 = Debug|x86
		{A6EFC16B-ABFA-4714-88C8-5E2EC2304938}.Debug|x86.Deploy.0 = Debug|x86
		{A6EFC16B-ABFA-4714-88C8-5E2EC2304938}.Release|Any CPU.ActiveCfg = Release|Any CPU
		{A6EFC16B-ABFA-4714-88C8-5E2EC2304938}.Release|Any CPU.Build.0 = Release|Any CPU
		{A6EFC16B-ABFA-4714-88C8-5E2EC2304938}.Release|Any CPU.Deploy.0 = Release|Any CPU
		{A6EFC16B-ABFA-4714-88C8-5E2EC2304938}.Release|ARM.ActiveCfg = Release|ARM
		{A6EFC16B-ABFA-4714-88C8-5E2EC2304938}.Release|ARM.Build.0 = Release|ARM
		{A6EFC16B-ABFA-4714-88C8-5E2EC2304938}.Release|ARM.Deploy.0 = Release|ARM
		{A6EFC16B-ABFA-4714-88C8-5E2EC2304938}.Release|iPhone.ActiveCfg = Release|Any CPU
		{A6EFC16B-ABFA-4714-88C8-5E2EC2304938}.Release|iPhone.Build.0 = Release|Any CPU
		{A6EFC16B-ABFA-4714-88C8-5E2EC2304938}.Release|iPhone.Deploy.0 = Release|Any CPU
		{A6EFC16B-ABFA-4714-88C8-5E2EC2304938}.Release|iPhoneSimulator.ActiveCfg = Release|Any CPU
		{A6EFC16B-ABFA-4714-88C8-5E2EC2304938}.Release|iPhoneSimulator.Build.0 = Release|Any CPU
		{A6EFC16B-ABFA-4714-88C8-5E2EC2304938}.Release|iPhoneSimulator.Deploy.0 = Release|Any CPU
		{A6EFC16B-ABFA-4714-88C8-5E2EC2304938}.Release|x64.ActiveCfg = Release|Any CPU
		{A6EFC16B-ABFA-4714-88C8-5E2EC2304938}.Release|x64.Build.0 = Release|Any CPU
		{A6EFC16B-ABFA-4714-88C8-5E2EC2304938}.Release|x64.Deploy.0 = Release|Any CPU
		{A6EFC16B-ABFA-4714-88C8-5E2EC2304938}.Release|x86.ActiveCfg = Release|x86
		{A6EFC16B-ABFA-4714-88C8-5E2EC2304938}.Release|x86.Build.0 = Release|x86
		{A6EFC16B-ABFA-4714-88C8-5E2EC2304938}.Release|x86.Deploy.0 = Release|x86
		{436353BF-4792-4421-8A9E-92EE1BDC6315}.Ad-Hoc|Any CPU.ActiveCfg = Release|x86
		{436353BF-4792-4421-8A9E-92EE1BDC6315}.Ad-Hoc|Any CPU.Build.0 = Release|x86
		{436353BF-4792-4421-8A9E-92EE1BDC6315}.Ad-Hoc|Any CPU.Deploy.0 = Release|x86
		{436353BF-4792-4421-8A9E-92EE1BDC6315}.Ad-Hoc|ARM.ActiveCfg = Release|ARM
		{436353BF-4792-4421-8A9E-92EE1BDC6315}.Ad-Hoc|ARM.Build.0 = Release|ARM
		{436353BF-4792-4421-8A9E-92EE1BDC6315}.Ad-Hoc|ARM.Deploy.0 = Release|ARM
		{436353BF-4792-4421-8A9E-92EE1BDC6315}.Ad-Hoc|iPhone.ActiveCfg = Release|x86
		{436353BF-4792-4421-8A9E-92EE1BDC6315}.Ad-Hoc|iPhone.Build.0 = Release|x86
		{436353BF-4792-4421-8A9E-92EE1BDC6315}.Ad-Hoc|iPhone.Deploy.0 = Release|x86
		{436353BF-4792-4421-8A9E-92EE1BDC6315}.Ad-Hoc|iPhoneSimulator.ActiveCfg = Release|x86
		{436353BF-4792-4421-8A9E-92EE1BDC6315}.Ad-Hoc|iPhoneSimulator.Build.0 = Release|x86
		{436353BF-4792-4421-8A9E-92EE1BDC6315}.Ad-Hoc|iPhoneSimulator.Deploy.0 = Release|x86
		{436353BF-4792-4421-8A9E-92EE1BDC6315}.Ad-Hoc|x64.ActiveCfg = Release|x64
		{436353BF-4792-4421-8A9E-92EE1BDC6315}.Ad-Hoc|x64.Build.0 = Release|x64
		{436353BF-4792-4421-8A9E-92EE1BDC6315}.Ad-Hoc|x64.Deploy.0 = Release|x64
		{436353BF-4792-4421-8A9E-92EE1BDC6315}.Ad-Hoc|x86.ActiveCfg = Release|x86
		{436353BF-4792-4421-8A9E-92EE1BDC6315}.Ad-Hoc|x86.Build.0 = Release|x86
		{436353BF-4792-4421-8A9E-92EE1BDC6315}.Ad-Hoc|x86.Deploy.0 = Release|x86
		{436353BF-4792-4421-8A9E-92EE1BDC6315}.AppStore|Any CPU.ActiveCfg = Release|x86
		{436353BF-4792-4421-8A9E-92EE1BDC6315}.AppStore|Any CPU.Build.0 = Release|x86
		{436353BF-4792-4421-8A9E-92EE1BDC6315}.AppStore|Any CPU.Deploy.0 = Release|x86
		{436353BF-4792-4421-8A9E-92EE1BDC6315}.AppStore|ARM.ActiveCfg = Release|ARM
		{436353BF-4792-4421-8A9E-92EE1BDC6315}.AppStore|ARM.Build.0 = Release|ARM
		{436353BF-4792-4421-8A9E-92EE1BDC6315}.AppStore|ARM.Deploy.0 = Release|ARM
		{436353BF-4792-4421-8A9E-92EE1BDC6315}.AppStore|iPhone.ActiveCfg = Release|x86
		{436353BF-4792-4421-8A9E-92EE1BDC6315}.AppStore|iPhone.Build.0 = Release|x86
		{436353BF-4792-4421-8A9E-92EE1BDC6315}.AppStore|iPhone.Deploy.0 = Release|x86
		{436353BF-4792-4421-8A9E-92EE1BDC6315}.AppStore|iPhoneSimulator.ActiveCfg = Release|x86
		{436353BF-4792-4421-8A9E-92EE1BDC6315}.AppStore|iPhoneSimulator.Build.0 = Release|x86
		{436353BF-4792-4421-8A9E-92EE1BDC6315}.AppStore|iPhoneSimulator.Deploy.0 = Release|x86
		{436353BF-4792-4421-8A9E-92EE1BDC6315}.AppStore|x64.ActiveCfg = Release|x64
		{436353BF-4792-4421-8A9E-92EE1BDC6315}.AppStore|x64.Build.0 = Release|x64
		{436353BF-4792-4421-8A9E-92EE1BDC6315}.AppStore|x64.Deploy.0 = Release|x64
		{436353BF-4792-4421-8A9E-92EE1BDC6315}.AppStore|x86.ActiveCfg = Release|x86
		{436353BF-4792-4421-8A9E-92EE1BDC6315}.AppStore|x86.Build.0 = Release|x86
		{436353BF-4792-4421-8A9E-92EE1BDC6315}.AppStore|x86.Deploy.0 = Release|x86
		{436353BF-4792-4421-8A9E-92EE1BDC6315}.Debug|Any CPU.ActiveCfg = Debug|x86
		{436353BF-4792-4421-8A9E-92EE1BDC6315}.Debug|ARM.ActiveCfg = Debug|ARM
		{436353BF-4792-4421-8A9E-92EE1BDC6315}.Debug|ARM.Build.0 = Debug|ARM
		{436353BF-4792-4421-8A9E-92EE1BDC6315}.Debug|ARM.Deploy.0 = Debug|ARM
		{436353BF-4792-4421-8A9E-92EE1BDC6315}.Debug|iPhone.ActiveCfg = Debug|x86
		{436353BF-4792-4421-8A9E-92EE1BDC6315}.Debug|iPhoneSimulator.ActiveCfg = Debug|x86
		{436353BF-4792-4421-8A9E-92EE1BDC6315}.Debug|x64.ActiveCfg = Debug|x64
		{436353BF-4792-4421-8A9E-92EE1BDC6315}.Debug|x64.Build.0 = Debug|x64
		{436353BF-4792-4421-8A9E-92EE1BDC6315}.Debug|x64.Deploy.0 = Debug|x64
		{436353BF-4792-4421-8A9E-92EE1BDC6315}.Debug|x86.ActiveCfg = Debug|x86
		{436353BF-4792-4421-8A9E-92EE1BDC6315}.Debug|x86.Build.0 = Debug|x86
		{436353BF-4792-4421-8A9E-92EE1BDC6315}.Debug|x86.Deploy.0 = Debug|x86
		{436353BF-4792-4421-8A9E-92EE1BDC6315}.Release|Any CPU.ActiveCfg = Release|x86
		{436353BF-4792-4421-8A9E-92EE1BDC6315}.Release|ARM.ActiveCfg = Release|ARM
		{436353BF-4792-4421-8A9E-92EE1BDC6315}.Release|ARM.Build.0 = Release|ARM
		{436353BF-4792-4421-8A9E-92EE1BDC6315}.Release|ARM.Deploy.0 = Release|ARM
		{436353BF-4792-4421-8A9E-92EE1BDC6315}.Release|iPhone.ActiveCfg = Release|x86
		{436353BF-4792-4421-8A9E-92EE1BDC6315}.Release|iPhoneSimulator.ActiveCfg = Release|x86
		{436353BF-4792-4421-8A9E-92EE1BDC6315}.Release|x64.ActiveCfg = Release|x64
		{436353BF-4792-4421-8A9E-92EE1BDC6315}.Release|x64.Build.0 = Release|x64
		{436353BF-4792-4421-8A9E-92EE1BDC6315}.Release|x64.Deploy.0 = Release|x64
		{436353BF-4792-4421-8A9E-92EE1BDC6315}.Release|x86.ActiveCfg = Release|x86
		{436353BF-4792-4421-8A9E-92EE1BDC6315}.Release|x86.Build.0 = Release|x86
		{436353BF-4792-4421-8A9E-92EE1BDC6315}.Release|x86.Deploy.0 = Release|x86
		{BC09AC2F-E7C4-4F43-B31C-A40E8FBA886A}.Ad-Hoc|Any CPU.ActiveCfg = Release|Any CPU
		{BC09AC2F-E7C4-4F43-B31C-A40E8FBA886A}.Ad-Hoc|Any CPU.Build.0 = Release|Any CPU
		{BC09AC2F-E7C4-4F43-B31C-A40E8FBA886A}.Ad-Hoc|Any CPU.Deploy.0 = Release|Any CPU
		{BC09AC2F-E7C4-4F43-B31C-A40E8FBA886A}.Ad-Hoc|ARM.ActiveCfg = Release|ARM
		{BC09AC2F-E7C4-4F43-B31C-A40E8FBA886A}.Ad-Hoc|ARM.Build.0 = Release|ARM
		{BC09AC2F-E7C4-4F43-B31C-A40E8FBA886A}.Ad-Hoc|ARM.Deploy.0 = Release|ARM
		{BC09AC2F-E7C4-4F43-B31C-A40E8FBA886A}.Ad-Hoc|iPhone.ActiveCfg = Release|Any CPU
		{BC09AC2F-E7C4-4F43-B31C-A40E8FBA886A}.Ad-Hoc|iPhone.Build.0 = Release|Any CPU
		{BC09AC2F-E7C4-4F43-B31C-A40E8FBA886A}.Ad-Hoc|iPhone.Deploy.0 = Release|Any CPU
		{BC09AC2F-E7C4-4F43-B31C-A40E8FBA886A}.Ad-Hoc|iPhoneSimulator.ActiveCfg = Release|Any CPU
		{BC09AC2F-E7C4-4F43-B31C-A40E8FBA886A}.Ad-Hoc|iPhoneSimulator.Build.0 = Release|Any CPU
		{BC09AC2F-E7C4-4F43-B31C-A40E8FBA886A}.Ad-Hoc|iPhoneSimulator.Deploy.0 = Release|Any CPU
		{BC09AC2F-E7C4-4F43-B31C-A40E8FBA886A}.Ad-Hoc|x64.ActiveCfg = Release|x64
		{BC09AC2F-E7C4-4F43-B31C-A40E8FBA886A}.Ad-Hoc|x64.Build.0 = Release|x64
		{BC09AC2F-E7C4-4F43-B31C-A40E8FBA886A}.Ad-Hoc|x64.Deploy.0 = Release|x64
		{BC09AC2F-E7C4-4F43-B31C-A40E8FBA886A}.Ad-Hoc|x86.ActiveCfg = Release|x86
		{BC09AC2F-E7C4-4F43-B31C-A40E8FBA886A}.Ad-Hoc|x86.Build.0 = Release|x86
		{BC09AC2F-E7C4-4F43-B31C-A40E8FBA886A}.Ad-Hoc|x86.Deploy.0 = Release|x86
		{BC09AC2F-E7C4-4F43-B31C-A40E8FBA886A}.AppStore|Any CPU.ActiveCfg = Release|Any CPU
		{BC09AC2F-E7C4-4F43-B31C-A40E8FBA886A}.AppStore|Any CPU.Build.0 = Release|Any CPU
		{BC09AC2F-E7C4-4F43-B31C-A40E8FBA886A}.AppStore|Any CPU.Deploy.0 = Release|Any CPU
		{BC09AC2F-E7C4-4F43-B31C-A40E8FBA886A}.AppStore|ARM.ActiveCfg = Release|ARM
		{BC09AC2F-E7C4-4F43-B31C-A40E8FBA886A}.AppStore|ARM.Build.0 = Release|ARM
		{BC09AC2F-E7C4-4F43-B31C-A40E8FBA886A}.AppStore|ARM.Deploy.0 = Release|ARM
		{BC09AC2F-E7C4-4F43-B31C-A40E8FBA886A}.AppStore|iPhone.ActiveCfg = Release|Any CPU
		{BC09AC2F-E7C4-4F43-B31C-A40E8FBA886A}.AppStore|iPhone.Build.0 = Release|Any CPU
		{BC09AC2F-E7C4-4F43-B31C-A40E8FBA886A}.AppStore|iPhone.Deploy.0 = Release|Any CPU
		{BC09AC2F-E7C4-4F43-B31C-A40E8FBA886A}.AppStore|iPhoneSimulator.ActiveCfg = Release|Any CPU
		{BC09AC2F-E7C4-4F43-B31C-A40E8FBA886A}.AppStore|iPhoneSimulator.Build.0 = Release|Any CPU
		{BC09AC2F-E7C4-4F43-B31C-A40E8FBA886A}.AppStore|iPhoneSimulator.Deploy.0 = Release|Any CPU
		{BC09AC2F-E7C4-4F43-B31C-A40E8FBA886A}.AppStore|x64.ActiveCfg = Release|x64
		{BC09AC2F-E7C4-4F43-B31C-A40E8FBA886A}.AppStore|x64.Build.0 = Release|x64
		{BC09AC2F-E7C4-4F43-B31C-A40E8FBA886A}.AppStore|x64.Deploy.0 = Release|x64
		{BC09AC2F-E7C4-4F43-B31C-A40E8FBA886A}.AppStore|x86.ActiveCfg = Release|x86
		{BC09AC2F-E7C4-4F43-B31C-A40E8FBA886A}.AppStore|x86.Build.0 = Release|x86
		{BC09AC2F-E7C4-4F43-B31C-A40E8FBA886A}.AppStore|x86.Deploy.0 = Release|x86
		{BC09AC2F-E7C4-4F43-B31C-A40E8FBA886A}.Debug|Any CPU.ActiveCfg = Debug|Any CPU
		{BC09AC2F-E7C4-4F43-B31C-A40E8FBA886A}.Debug|Any CPU.Build.0 = Debug|Any CPU
		{BC09AC2F-E7C4-4F43-B31C-A40E8FBA886A}.Debug|Any CPU.Deploy.0 = Debug|Any CPU
		{BC09AC2F-E7C4-4F43-B31C-A40E8FBA886A}.Debug|ARM.ActiveCfg = Debug|ARM
		{BC09AC2F-E7C4-4F43-B31C-A40E8FBA886A}.Debug|ARM.Build.0 = Debug|ARM
		{BC09AC2F-E7C4-4F43-B31C-A40E8FBA886A}.Debug|ARM.Deploy.0 = Debug|ARM
		{BC09AC2F-E7C4-4F43-B31C-A40E8FBA886A}.Debug|iPhone.ActiveCfg = Debug|Any CPU
		{BC09AC2F-E7C4-4F43-B31C-A40E8FBA886A}.Debug|iPhone.Build.0 = Debug|Any CPU
		{BC09AC2F-E7C4-4F43-B31C-A40E8FBA886A}.Debug|iPhone.Deploy.0 = Debug|Any CPU
		{BC09AC2F-E7C4-4F43-B31C-A40E8FBA886A}.Debug|iPhoneSimulator.ActiveCfg = Debug|Any CPU
		{BC09AC2F-E7C4-4F43-B31C-A40E8FBA886A}.Debug|iPhoneSimulator.Build.0 = Debug|Any CPU
		{BC09AC2F-E7C4-4F43-B31C-A40E8FBA886A}.Debug|iPhoneSimulator.Deploy.0 = Debug|Any CPU
		{BC09AC2F-E7C4-4F43-B31C-A40E8FBA886A}.Debug|x64.ActiveCfg = Debug|x64
		{BC09AC2F-E7C4-4F43-B31C-A40E8FBA886A}.Debug|x64.Build.0 = Debug|x64
		{BC09AC2F-E7C4-4F43-B31C-A40E8FBA886A}.Debug|x64.Deploy.0 = Debug|x64
		{BC09AC2F-E7C4-4F43-B31C-A40E8FBA886A}.Debug|x86.ActiveCfg = Debug|x86
		{BC09AC2F-E7C4-4F43-B31C-A40E8FBA886A}.Debug|x86.Build.0 = Debug|x86
		{BC09AC2F-E7C4-4F43-B31C-A40E8FBA886A}.Debug|x86.Deploy.0 = Debug|x86
		{BC09AC2F-E7C4-4F43-B31C-A40E8FBA886A}.Release|Any CPU.ActiveCfg = Release|Any CPU
		{BC09AC2F-E7C4-4F43-B31C-A40E8FBA886A}.Release|Any CPU.Build.0 = Release|Any CPU
		{BC09AC2F-E7C4-4F43-B31C-A40E8FBA886A}.Release|Any CPU.Deploy.0 = Release|Any CPU
		{BC09AC2F-E7C4-4F43-B31C-A40E8FBA886A}.Release|ARM.ActiveCfg = Release|ARM
		{BC09AC2F-E7C4-4F43-B31C-A40E8FBA886A}.Release|ARM.Build.0 = Release|ARM
		{BC09AC2F-E7C4-4F43-B31C-A40E8FBA886A}.Release|ARM.Deploy.0 = Release|ARM
		{BC09AC2F-E7C4-4F43-B31C-A40E8FBA886A}.Release|iPhone.ActiveCfg = Release|Any CPU
		{BC09AC2F-E7C4-4F43-B31C-A40E8FBA886A}.Release|iPhone.Build.0 = Release|Any CPU
		{BC09AC2F-E7C4-4F43-B31C-A40E8FBA886A}.Release|iPhone.Deploy.0 = Release|Any CPU
		{BC09AC2F-E7C4-4F43-B31C-A40E8FBA886A}.Release|iPhoneSimulator.ActiveCfg = Release|Any CPU
		{BC09AC2F-E7C4-4F43-B31C-A40E8FBA886A}.Release|iPhoneSimulator.Build.0 = Release|Any CPU
		{BC09AC2F-E7C4-4F43-B31C-A40E8FBA886A}.Release|iPhoneSimulator.Deploy.0 = Release|Any CPU
		{BC09AC2F-E7C4-4F43-B31C-A40E8FBA886A}.Release|x64.ActiveCfg = Release|x64
		{BC09AC2F-E7C4-4F43-B31C-A40E8FBA886A}.Release|x64.Build.0 = Release|x64
		{BC09AC2F-E7C4-4F43-B31C-A40E8FBA886A}.Release|x64.Deploy.0 = Release|x64
		{BC09AC2F-E7C4-4F43-B31C-A40E8FBA886A}.Release|x86.ActiveCfg = Release|x86
		{BC09AC2F-E7C4-4F43-B31C-A40E8FBA886A}.Release|x86.Build.0 = Release|x86
		{BC09AC2F-E7C4-4F43-B31C-A40E8FBA886A}.Release|x86.Deploy.0 = Release|x86
		{1B41019F-3130-43F1-9856-0502C5E27A16}.Ad-Hoc|Any CPU.ActiveCfg = Release|Any CPU
		{1B41019F-3130-43F1-9856-0502C5E27A16}.Ad-Hoc|Any CPU.Build.0 = Release|Any CPU
		{1B41019F-3130-43F1-9856-0502C5E27A16}.Ad-Hoc|ARM.ActiveCfg = Release|Any CPU
		{1B41019F-3130-43F1-9856-0502C5E27A16}.Ad-Hoc|ARM.Build.0 = Release|Any CPU
		{1B41019F-3130-43F1-9856-0502C5E27A16}.Ad-Hoc|iPhone.ActiveCfg = Release|Any CPU
		{1B41019F-3130-43F1-9856-0502C5E27A16}.Ad-Hoc|iPhone.Build.0 = Release|Any CPU
		{1B41019F-3130-43F1-9856-0502C5E27A16}.Ad-Hoc|iPhoneSimulator.ActiveCfg = Release|Any CPU
		{1B41019F-3130-43F1-9856-0502C5E27A16}.Ad-Hoc|iPhoneSimulator.Build.0 = Release|Any CPU
		{1B41019F-3130-43F1-9856-0502C5E27A16}.Ad-Hoc|x64.ActiveCfg = Release|Any CPU
		{1B41019F-3130-43F1-9856-0502C5E27A16}.Ad-Hoc|x64.Build.0 = Release|Any CPU
		{1B41019F-3130-43F1-9856-0502C5E27A16}.Ad-Hoc|x86.ActiveCfg = Release|Any CPU
		{1B41019F-3130-43F1-9856-0502C5E27A16}.Ad-Hoc|x86.Build.0 = Release|Any CPU
		{1B41019F-3130-43F1-9856-0502C5E27A16}.AppStore|Any CPU.ActiveCfg = Release|Any CPU
		{1B41019F-3130-43F1-9856-0502C5E27A16}.AppStore|Any CPU.Build.0 = Release|Any CPU
		{1B41019F-3130-43F1-9856-0502C5E27A16}.AppStore|ARM.ActiveCfg = Release|Any CPU
		{1B41019F-3130-43F1-9856-0502C5E27A16}.AppStore|ARM.Build.0 = Release|Any CPU
		{1B41019F-3130-43F1-9856-0502C5E27A16}.AppStore|iPhone.ActiveCfg = Release|Any CPU
		{1B41019F-3130-43F1-9856-0502C5E27A16}.AppStore|iPhone.Build.0 = Release|Any CPU
		{1B41019F-3130-43F1-9856-0502C5E27A16}.AppStore|iPhoneSimulator.ActiveCfg = Release|Any CPU
		{1B41019F-3130-43F1-9856-0502C5E27A16}.AppStore|iPhoneSimulator.Build.0 = Release|Any CPU
		{1B41019F-3130-43F1-9856-0502C5E27A16}.AppStore|x64.ActiveCfg = Release|Any CPU
		{1B41019F-3130-43F1-9856-0502C5E27A16}.AppStore|x64.Build.0 = Release|Any CPU
		{1B41019F-3130-43F1-9856-0502C5E27A16}.AppStore|x86.ActiveCfg = Release|Any CPU
		{1B41019F-3130-43F1-9856-0502C5E27A16}.AppStore|x86.Build.0 = Release|Any CPU
		{1B41019F-3130-43F1-9856-0502C5E27A16}.Debug|Any CPU.ActiveCfg = Debug|Any CPU
		{1B41019F-3130-43F1-9856-0502C5E27A16}.Debug|Any CPU.Build.0 = Debug|Any CPU
		{1B41019F-3130-43F1-9856-0502C5E27A16}.Debug|ARM.ActiveCfg = Debug|Any CPU
		{1B41019F-3130-43F1-9856-0502C5E27A16}.Debug|ARM.Build.0 = Debug|Any CPU
		{1B41019F-3130-43F1-9856-0502C5E27A16}.Debug|iPhone.ActiveCfg = Debug|Any CPU
		{1B41019F-3130-43F1-9856-0502C5E27A16}.Debug|iPhone.Build.0 = Debug|Any CPU
		{1B41019F-3130-43F1-9856-0502C5E27A16}.Debug|iPhoneSimulator.ActiveCfg = Debug|Any CPU
		{1B41019F-3130-43F1-9856-0502C5E27A16}.Debug|iPhoneSimulator.Build.0 = Debug|Any CPU
		{1B41019F-3130-43F1-9856-0502C5E27A16}.Debug|x64.ActiveCfg = Debug|Any CPU
		{1B41019F-3130-43F1-9856-0502C5E27A16}.Debug|x64.Build.0 = Debug|Any CPU
		{1B41019F-3130-43F1-9856-0502C5E27A16}.Debug|x86.ActiveCfg = Debug|Any CPU
		{1B41019F-3130-43F1-9856-0502C5E27A16}.Debug|x86.Build.0 = Debug|Any CPU
		{1B41019F-3130-43F1-9856-0502C5E27A16}.Release|Any CPU.ActiveCfg = Release|Any CPU
		{1B41019F-3130-43F1-9856-0502C5E27A16}.Release|Any CPU.Build.0 = Release|Any CPU
		{1B41019F-3130-43F1-9856-0502C5E27A16}.Release|ARM.ActiveCfg = Release|Any CPU
		{1B41019F-3130-43F1-9856-0502C5E27A16}.Release|ARM.Build.0 = Release|Any CPU
		{1B41019F-3130-43F1-9856-0502C5E27A16}.Release|iPhone.ActiveCfg = Release|Any CPU
		{1B41019F-3130-43F1-9856-0502C5E27A16}.Release|iPhone.Build.0 = Release|Any CPU
		{1B41019F-3130-43F1-9856-0502C5E27A16}.Release|iPhoneSimulator.ActiveCfg = Release|Any CPU
		{1B41019F-3130-43F1-9856-0502C5E27A16}.Release|iPhoneSimulator.Build.0 = Release|Any CPU
		{1B41019F-3130-43F1-9856-0502C5E27A16}.Release|x64.ActiveCfg = Release|Any CPU
		{1B41019F-3130-43F1-9856-0502C5E27A16}.Release|x64.Build.0 = Release|Any CPU
		{1B41019F-3130-43F1-9856-0502C5E27A16}.Release|x86.ActiveCfg = Release|Any CPU
		{1B41019F-3130-43F1-9856-0502C5E27A16}.Release|x86.Build.0 = Release|Any CPU
	EndGlobalSection
	GlobalSection(SolutionProperties) = preSolution
		HideSolutionNode = FALSE
	EndGlobalSection
EndGlobal
